// !$*UTF8*$!
{
	archiveVersion = 1;
	classes = {
	};
	objectVersion = 46;
	objects = {

/* Begin PBXBuildFile section */
		615FA64B1A78291E00A058E9 /* MovieQuote.m in Sources */ = {isa = PBXBuildFile; fileRef = 615FA64A1A78291E00A058E9 /* MovieQuote.m */; };
		61740BA11A718C4800BC37FA /* AppDelegate.swift in Sources */ = {isa = PBXBuildFile; fileRef = 61740BA01A718C4800BC37FA /* AppDelegate.swift */; };
		61740BA41A718C4800BC37FA /* MovieQuotes.xcdatamodeld in Sources */ = {isa = PBXBuildFile; fileRef = 61740BA21A718C4800BC37FA /* MovieQuotes.xcdatamodeld */; };
		61740BAB1A718C4800BC37FA /* Main.storyboard in Resources */ = {isa = PBXBuildFile; fileRef = 61740BA91A718C4800BC37FA /* Main.storyboard */; };
		61740BAD1A718C4800BC37FA /* Images.xcassets in Resources */ = {isa = PBXBuildFile; fileRef = 61740BAC1A718C4800BC37FA /* Images.xcassets */; };
		61740BB01A718C4800BC37FA /* LaunchScreen.xib in Resources */ = {isa = PBXBuildFile; fileRef = 61740BAE1A718C4800BC37FA /* LaunchScreen.xib */; };
		61740BBC1A718C4800BC37FA /* MovieQuotesTests.swift in Sources */ = {isa = PBXBuildFile; fileRef = 61740BBB1A718C4800BC37FA /* MovieQuotesTests.swift */; };
		61740BC81A71935200BC37FA /* MovieQuotesTableViewController.swift in Sources */ = {isa = PBXBuildFile; fileRef = 61740BC71A71935200BC37FA /* MovieQuotesTableViewController.swift */; };
		617DF28C1A76DEC900667789 /* MovieQuoteDetailViewController.swift in Sources */ = {isa = PBXBuildFile; fileRef = 617DF28B1A76DEC900667789 /* MovieQuoteDetailViewController.swift */; };
/* End PBXBuildFile section */

/* Begin PBXContainerItemProxy section */
		61740BB61A718C4800BC37FA /* PBXContainerItemProxy */ = {
			isa = PBXContainerItemProxy;
			containerPortal = 61740B931A718C4800BC37FA /* Project object */;
			proxyType = 1;
			remoteGlobalIDString = 61740B9A1A718C4800BC37FA;
			remoteInfo = MovieQuotes;
		};
/* End PBXContainerItemProxy section */

/* Begin PBXFileReference section */
		615FA6451A78278B00A058E9 /* MovieQuotes-Bridging-Header.h */ = {isa = PBXFileReference; lastKnownFileType = sourcecode.c.h; path = "MovieQuotes-Bridging-Header.h"; sourceTree = "<group>"; };
		615FA6491A78291E00A058E9 /* MovieQuote.h */ = {isa = PBXFileReference; fileEncoding = 4; lastKnownFileType = sourcecode.c.h; path = MovieQuote.h; sourceTree = "<group>"; };
		615FA64A1A78291E00A058E9 /* MovieQuote.m */ = {isa = PBXFileReference; fileEncoding = 4; lastKnownFileType = sourcecode.c.objc; path = MovieQuote.m; sourceTree = "<group>"; };
		61740B9B1A718C4800BC37FA /* MovieQuotes.app */ = {isa = PBXFileReference; explicitFileType = wrapper.application; includeInIndex = 0; path = MovieQuotes.app; sourceTree = BUILT_PRODUCTS_DIR; };
		61740B9F1A718C4800BC37FA /* Info.plist */ = {isa = PBXFileReference; lastKnownFileType = text.plist.xml; path = Info.plist; sourceTree = "<group>"; };
		61740BA01A718C4800BC37FA /* AppDelegate.swift */ = {isa = PBXFileReference; lastKnownFileType = sourcecode.swift; path = AppDelegate.swift; sourceTree = "<group>"; };
		61740BA31A718C4800BC37FA /* MovieQuotes.xcdatamodel */ = {isa = PBXFileReference; lastKnownFileType = wrapper.xcdatamodel; path = MovieQuotes.xcdatamodel; sourceTree = "<group>"; };
		61740BAA1A718C4800BC37FA /* Base */ = {isa = PBXFileReference; lastKnownFileType = file.storyboard; name = Base; path = Base.lproj/Main.storyboard; sourceTree = "<group>"; };
		61740BAC1A718C4800BC37FA /* Images.xcassets */ = {isa = PBXFileReference; lastKnownFileType = folder.assetcatalog; path = Images.xcassets; sourceTree = "<group>"; };
		61740BAF1A718C4800BC37FA /* Base */ = {isa = PBXFileReference; lastKnownFileType = file.xib; name = Base; path = Base.lproj/LaunchScreen.xib; sourceTree = "<group>"; };
		61740BB51A718C4800BC37FA /* MovieQuotesTests.xctest */ = {isa = PBXFileReference; explicitFileType = wrapper.cfbundle; includeInIndex = 0; path = MovieQuotesTests.xctest; sourceTree = BUILT_PRODUCTS_DIR; };
		61740BBA1A718C4800BC37FA /* Info.plist */ = {isa = PBXFileReference; lastKnownFileType = text.plist.xml; path = Info.plist; sourceTree = "<group>"; };
		61740BBB1A718C4800BC37FA /* MovieQuotesTests.swift */ = {isa = PBXFileReference; lastKnownFileType = sourcecode.swift; path = MovieQuotesTests.swift; sourceTree = "<group>"; };
		61740BC71A71935200BC37FA /* MovieQuotesTableViewController.swift */ = {isa = PBXFileReference; fileEncoding = 4; lastKnownFileType = sourcecode.swift; path = MovieQuotesTableViewController.swift; sourceTree = "<group>"; };
		617DF28B1A76DEC900667789 /* MovieQuoteDetailViewController.swift */ = {isa = PBXFileReference; fileEncoding = 4; lastKnownFileType = sourcecode.swift; path = MovieQuoteDetailViewController.swift; sourceTree = "<group>"; };
/* End PBXFileReference section */

/* Begin PBXFrameworksBuildPhase section */
		61740B981A718C4800BC37FA /* Frameworks */ = {
			isa = PBXFrameworksBuildPhase;
			buildActionMask = 2147483647;
			files = (
			);
			runOnlyForDeploymentPostprocessing = 0;
		};
		61740BB21A718C4800BC37FA /* Frameworks */ = {
			isa = PBXFrameworksBuildPhase;
			buildActionMask = 2147483647;
			files = (
			);
			runOnlyForDeploymentPostprocessing = 0;
		};
/* End PBXFrameworksBuildPhase section */

/* Begin PBXGroup section */
		61740B921A718C4800BC37FA = {
			isa = PBXGroup;
			children = (
				61740B9D1A718C4800BC37FA /* MovieQuotes */,
				61740BB81A718C4800BC37FA /* MovieQuotesTests */,
				61740B9C1A718C4800BC37FA /* Products */,
			);
			sourceTree = "<group>";
		};
		61740B9C1A718C4800BC37FA /* Products */ = {
			isa = PBXGroup;
			children = (
				61740B9B1A718C4800BC37FA /* MovieQuotes.app */,
				61740BB51A718C4800BC37FA /* MovieQuotesTests.xctest */,
			);
			name = Products;
			sourceTree = "<group>";
		};
		61740B9D1A718C4800BC37FA /* MovieQuotes */ = {
			isa = PBXGroup;
			children = (
				61740BA01A718C4800BC37FA /* AppDelegate.swift */,
				61740BC71A71935200BC37FA /* MovieQuotesTableViewController.swift */,
				617DF28B1A76DEC900667789 /* MovieQuoteDetailViewController.swift */,
				61740BA91A718C4800BC37FA /* Main.storyboard */,
				61740BAC1A718C4800BC37FA /* Images.xcassets */,
				61740BAE1A718C4800BC37FA /* LaunchScreen.xib */,
				615FA6491A78291E00A058E9 /* MovieQuote.h */,
				615FA64A1A78291E00A058E9 /* MovieQuote.m */,
				61740BA21A718C4800BC37FA /* MovieQuotes.xcdatamodeld */,
				61740B9E1A718C4800BC37FA /* Supporting Files */,
				615FA6451A78278B00A058E9 /* MovieQuotes-Bridging-Header.h */,
			);
			path = MovieQuotes;
			sourceTree = "<group>";
		};
		61740B9E1A718C4800BC37FA /* Supporting Files */ = {
			isa = PBXGroup;
			children = (
				61740B9F1A718C4800BC37FA /* Info.plist */,
			);
			name = "Supporting Files";
			sourceTree = "<group>";
		};
		61740BB81A718C4800BC37FA /* MovieQuotesTests */ = {
			isa = PBXGroup;
			children = (
				61740BBB1A718C4800BC37FA /* MovieQuotesTests.swift */,
				61740BB91A718C4800BC37FA /* Supporting Files */,
			);
			path = MovieQuotesTests;
			sourceTree = "<group>";
		};
		61740BB91A718C4800BC37FA /* Supporting Files */ = {
			isa = PBXGroup;
			children = (
				61740BBA1A718C4800BC37FA /* Info.plist */,
			);
			name = "Supporting Files";
			sourceTree = "<group>";
		};
/* End PBXGroup section */

/* Begin PBXNativeTarget section */
		61740B9A1A718C4800BC37FA /* MovieQuotes */ = {
			isa = PBXNativeTarget;
			buildConfigurationList = 61740BBF1A718C4800BC37FA /* Build configuration list for PBXNativeTarget "MovieQuotes" */;
			buildPhases = (
				61740B971A718C4800BC37FA /* Sources */,
				61740B981A718C4800BC37FA /* Frameworks */,
				61740B991A718C4800BC37FA /* Resources */,
			);
			buildRules = (
			);
			dependencies = (
			);
			name = MovieQuotes;
			productName = MovieQuotes;
			productReference = 61740B9B1A718C4800BC37FA /* MovieQuotes.app */;
			productType = "com.apple.product-type.application";
		};
		61740BB41A718C4800BC37FA /* MovieQuotesTests */ = {
			isa = PBXNativeTarget;
			buildConfigurationList = 61740BC21A718C4800BC37FA /* Build configuration list for PBXNativeTarget "MovieQuotesTests" */;
			buildPhases = (
				61740BB11A718C4800BC37FA /* Sources */,
				61740BB21A718C4800BC37FA /* Frameworks */,
				61740BB31A718C4800BC37FA /* Resources */,
			);
			buildRules = (
			);
			dependencies = (
				61740BB71A718C4800BC37FA /* PBXTargetDependency */,
			);
			name = MovieQuotesTests;
			productName = MovieQuotesTests;
			productReference = 61740BB51A718C4800BC37FA /* MovieQuotesTests.xctest */;
			productType = "com.apple.product-type.bundle.unit-test";
		};
/* End PBXNativeTarget section */

/* Begin PBXProject section */
		61740B931A718C4800BC37FA /* Project object */ = {
			isa = PBXProject;
			attributes = {
				LastUpgradeCheck = 0610;
				ORGANIZATIONNAME = "Philip Ross";
				TargetAttributes = {
					61740B9A1A718C4800BC37FA = {
						CreatedOnToolsVersion = 6.1.1;
					};
					61740BB41A718C4800BC37FA = {
						CreatedOnToolsVersion = 6.1.1;
						TestTargetID = 61740B9A1A718C4800BC37FA;
					};
				};
			};
			buildConfigurationList = 61740B961A718C4800BC37FA /* Build configuration list for PBXProject "MovieQuotes" */;
			compatibilityVersion = "Xcode 3.2";
			developmentRegion = English;
			hasScannedForEncodings = 0;
			knownRegions = (
				en,
				Base,
			);
			mainGroup = 61740B921A718C4800BC37FA;
			productRefGroup = 61740B9C1A718C4800BC37FA /* Products */;
			projectDirPath = "";
			projectRoot = "";
			targets = (
				61740B9A1A718C4800BC37FA /* MovieQuotes */,
				61740BB41A718C4800BC37FA /* MovieQuotesTests */,
			);
		};
/* End PBXProject section */

/* Begin PBXResourcesBuildPhase section */
		61740B991A718C4800BC37FA /* Resources */ = {
			isa = PBXResourcesBuildPhase;
			buildActionMask = 2147483647;
			files = (
				61740BAB1A718C4800BC37FA /* Main.storyboard in Resources */,
				61740BB01A718C4800BC37FA /* LaunchScreen.xib in Resources */,
				61740BAD1A718C4800BC37FA /* Images.xcassets in Resources */,
			);
			runOnlyForDeploymentPostprocessing = 0;
		};
		61740BB31A718C4800BC37FA /* Resources */ = {
			isa = PBXResourcesBuildPhase;
			buildActionMask = 2147483647;
			files = (
			);
			runOnlyForDeploymentPostprocessing = 0;
		};
/* End PBXResourcesBuildPhase section */

/* Begin PBXSourcesBuildPhase section */
		61740B971A718C4800BC37FA /* Sources */ = {
			isa = PBXSourcesBuildPhase;
			buildActionMask = 2147483647;
			files = (
				61740BA11A718C4800BC37FA /* AppDelegate.swift in Sources */,
				617DF28C1A76DEC900667789 /* MovieQuoteDetailViewController.swift in Sources */,
				615FA64B1A78291E00A058E9 /* MovieQuote.m in Sources */,
				61740BA41A718C4800BC37FA /* MovieQuotes.xcdatamodeld in Sources */,
				61740BC81A71935200BC37FA /* MovieQuotesTableViewController.swift in Sources */,
			);
			runOnlyForDeploymentPostprocessing = 0;
		};
		61740BB11A718C4800BC37FA /* Sources */ = {
			isa = PBXSourcesBuildPhase;
			buildActionMask = 2147483647;
			files = (
				61740BBC1A718C4800BC37FA /* MovieQuotesTests.swift in Sources */,
			);
			runOnlyForDeploymentPostprocessing = 0;
		};
/* End PBXSourcesBuildPhase section */

/* Begin PBXTargetDependency section */
		61740BB71A718C4800BC37FA /* PBXTargetDependency */ = {
			isa = PBXTargetDependency;
			target = 61740B9A1A718C4800BC37FA /* MovieQuotes */;
			targetProxy = 61740BB61A718C4800BC37FA /* PBXContainerItemProxy */;
		};
/* End PBXTargetDependency section */

/* Begin PBXVariantGroup section */
		61740BA91A718C4800BC37FA /* Main.storyboard */ = {
			isa = PBXVariantGroup;
			children = (
				61740BAA1A718C4800BC37FA /* Base */,
			);
			name = Main.storyboard;
			sourceTree = "<group>";
		};
		61740BAE1A718C4800BC37FA /* LaunchScreen.xib */ = {
			isa = PBXVariantGroup;
			children = (
				61740BAF1A718C4800BC37FA /* Base */,
			);
			name = LaunchScreen.xib;
			sourceTree = "<group>";
		};
/* End PBXVariantGroup section */

/* Begin XCBuildConfiguration section */
		61740BBD1A718C4800BC37FA /* Debug */ = {
			isa = XCBuildConfiguration;
			buildSettings = {
				ALWAYS_SEARCH_USER_PATHS = NO;
				CLANG_CXX_LANGUAGE_STANDARD = "gnu++0x";
				CLANG_CXX_LIBRARY = "libc++";
				CLANG_ENABLE_MODULES = YES;
				CLANG_ENABLE_OBJC_ARC = YES;
				CLANG_WARN_BOOL_CONVERSION = YES;
				CLANG_WARN_CONSTANT_CONVERSION = YES;
				CLANG_WARN_DIRECT_OBJC_ISA_USAGE = YES_ERROR;
				CLANG_WARN_EMPTY_BODY = YES;
				CLANG_WARN_ENUM_CONVERSION = YES;
				CLANG_WARN_INT_CONVERSION = YES;
				CLANG_WARN_OBJC_ROOT_CLASS = YES_ERROR;
				CLANG_WARN_UNREACHABLE_CODE = YES;
				CLANG_WARN__DUPLICATE_METHOD_MATCH = YES;
				"CODE_SIGN_IDENTITY[sdk=iphoneos*]" = "iPhone Developer";
				COPY_PHASE_STRIP = NO;
				ENABLE_STRICT_OBJC_MSGSEND = YES;
				GCC_C_LANGUAGE_STANDARD = gnu99;
				GCC_DYNAMIC_NO_PIC = NO;
				GCC_OPTIMIZATION_LEVEL = 0;
				GCC_PREPROCESSOR_DEFINITIONS = (
					"DEBUG=1",
					"$(inherited)",
				);
				GCC_SYMBOLS_PRIVATE_EXTERN = NO;
				GCC_WARN_64_TO_32_BIT_CONVERSION = YES;
				GCC_WARN_ABOUT_RETURN_TYPE = YES_ERROR;
				GCC_WARN_UNDECLARED_SELECTOR = YES;
				GCC_WARN_UNINITIALIZED_AUTOS = YES_AGGRESSIVE;
				GCC_WARN_UNUSED_FUNCTION = YES;
				GCC_WARN_UNUSED_VARIABLE = YES;
				IPHONEOS_DEPLOYMENT_TARGET = 8.1;
				MTL_ENABLE_DEBUG_INFO = YES;
				ONLY_ACTIVE_ARCH = YES;
				SDKROOT = iphoneos;
				SWIFT_OPTIMIZATION_LEVEL = "-Onone";
			};
			name = Debug;
		};
		61740BBE1A718C4800BC37FA /* Release */ = {
			isa = XCBuildConfiguration;
			buildSettings = {
				ALWAYS_SEARCH_USER_PATHS = NO;
				CLANG_CXX_LANGUAGE_STANDARD = "gnu++0x";
				CLANG_CXX_LIBRARY = "libc++";
				CLANG_ENABLE_MODULES = YES;
				CLANG_ENABLE_OBJC_ARC = YES;
				CLANG_WARN_BOOL_CONVERSION = YES;
				CLANG_WARN_CONSTANT_CONVERSION = YES;
				CLANG_WARN_DIRECT_OBJC_ISA_USAGE = YES_ERROR;
				CLANG_WARN_EMPTY_BODY = YES;
				CLANG_WARN_ENUM_CONVERSION = YES;
				CLANG_WARN_INT_CONVERSION = YES;
				CLANG_WARN_OBJC_ROOT_CLASS = YES_ERROR;
				CLANG_WARN_UNREACHABLE_CODE = YES;
				CLANG_WARN__DUPLICATE_METHOD_MATCH = YES;
				"CODE_SIGN_IDENTITY[sdk=iphoneos*]" = "iPhone Developer";
				COPY_PHASE_STRIP = YES;
				ENABLE_NS_ASSERTIONS = NO;
				ENABLE_STRICT_OBJC_MSGSEND = YES;
				GCC_C_LANGUAGE_STANDARD = gnu99;
				GCC_WARN_64_TO_32_BIT_CONVERSION = YES;
				GCC_WARN_ABOUT_RETURN_TYPE = YES_ERROR;
				GCC_WARN_UNDECLARED_SELECTOR = YES;
				GCC_WARN_UNINITIALIZED_AUTOS = YES_AGGRESSIVE;
				GCC_WARN_UNUSED_FUNCTION = YES;
				GCC_WARN_UNUSED_VARIABLE = YES;
				IPHONEOS_DEPLOYMENT_TARGET = 8.1;
				MTL_ENABLE_DEBUG_INFO = NO;
				SDKROOT = iphoneos;
				VALIDATE_PRODUCT = YES;
			};
			name = Release;
		};
		61740BC01A718C4800BC37FA /* Debug */ = {
			isa = XCBuildConfiguration;
			buildSettings = {
				ASSETCATALOG_COMPILER_APPICON_NAME = AppIcon;
				CLANG_ENABLE_MODULES = YES;
				INFOPLIST_FILE = MovieQuotes/Info.plist;
				LD_RUNPATH_SEARCH_PATHS = "$(inherited) @executable_path/Frameworks";
				PRODUCT_NAME = "$(TARGET_NAME)";
				SWIFT_OBJC_BRIDGING_HEADER = "MovieQuotes/MovieQuotes-Bridging-Header.h";
				SWIFT_OPTIMIZATION_LEVEL = "-Onone";
			};
			name = Debug;
		};
		61740BC11A718C4800BC37FA /* Release */ = {
			isa = XCBuildConfiguration;
			buildSettings = {
				ASSETCATALOG_COMPILER_APPICON_NAME = AppIcon;
				CLANG_ENABLE_MODULES = YES;
				INFOPLIST_FILE = MovieQuotes/Info.plist;
				LD_RUNPATH_SEARCH_PATHS = "$(inherited) @executable_path/Frameworks";
				PRODUCT_NAME = "$(TARGET_NAME)";
				SWIFT_OBJC_BRIDGING_HEADER = "MovieQuotes/MovieQuotes-Bridging-Header.h";
			};
			name = Release;
		};
		61740BC31A718C4800BC37FA /* Debug */ = {
			isa = XCBuildConfiguration;
			buildSettings = {
				BUNDLE_LOADER = "$(TEST_HOST)";
				FRAMEWORK_SEARCH_PATHS = (
					"$(SDKROOT)/Developer/Library/Frameworks",
					"$(inherited)",
				);
				GCC_PREPROCESSOR_DEFINITIONS = (
					"DEBUG=1",
					"$(inherited)",
				);
				INFOPLIST_FILE = MovieQuotesTests/Info.plist;
				LD_RUNPATH_SEARCH_PATHS = "$(inherited) @executable_path/Frameworks @loader_path/Frameworks";
				PRODUCT_NAME = "$(TARGET_NAME)";
				TEST_HOST = "$(BUILT_PRODUCTS_DIR)/MovieQuotes.app/MovieQuotes";
			};
			name = Debug;
		};
		61740BC41A718C4800BC37FA /* Release */ = {
			isa = XCBuildConfiguration;
			buildSettings = {
				BUNDLE_LOADER = "$(TEST_HOST)";
				FRAMEWORK_SEARCH_PATHS = (
					"$(SDKROOT)/Developer/Library/Frameworks",
					"$(inherited)",
				);
				INFOPLIST_FILE = MovieQuotesTests/Info.plist;
				LD_RUNPATH_SEARCH_PATHS = "$(inherited) @executable_path/Frameworks @loader_path/Frameworks";
				PRODUCT_NAME = "$(TARGET_NAME)";
				TEST_HOST = "$(BUILT_PRODUCTS_DIR)/MovieQuotes.app/MovieQuotes";
			};
			name = Release;
		};
/* End XCBuildConfiguration section */

/* Begin XCConfigurationList section */
		61740B961A718C4800BC37FA /* Build configuration list for PBXProject "MovieQuotes" */ = {
			isa = XCConfigurationList;
			buildConfigurations = (
				61740BBD1A718C4800BC37FA /* Debug */,
				61740BBE1A718C4800BC37FA /* Release */,
			);
			defaultConfigurationIsVisible = 0;
			defaultConfigurationName = Release;
		};
		61740BBF1A718C4800BC37FA /* Build configuration list for PBXNativeTarget "MovieQuotes" */ = {
			isa = XCConfigurationList;
			buildConfigurations = (
				61740BC01A718C4800BC37FA /* Debug */,
				61740BC11A718C4800BC37FA /* Release */,
			);
			defaultConfigurationIsVisible = 0;
			defaultConfigurationName = Release;
		};
		61740BC21A718C4800BC37FA /* Build configuration list for PBXNativeTarget "MovieQuotesTests" */ = {
			isa = XCConfigurationList;
			buildConfigurations = (
				61740BC31A718C4800BC37FA /* Debug */,
				61740BC41A718C4800BC37FA /* Release */,
			);
			defaultConfigurationIsVisible = 0;
			defaultConfigurationName = Release;
		};
/* End XCConfigurationList section */

/* Begin XCVersionGroup section */
		61740BA21A718C4800BC37FA /* MovieQuotes.xcdatamodeld */ = {
			isa = XCVersionGroup;
			children = (
				61740BA31A718C4800BC37FA /* MovieQuotes.xcdatamodel */,
			);
			currentVersion = 61740BA31A718C4800BC37FA /* MovieQuotes.xcdatamodel */;
			path = MovieQuotes.xcdatamodeld;
			sourceTree = "<group>";
			versionGroupType = wrapper.xcdatamodel;
		};
/* End XCVersionGroup section */
	};
	rootObject = 61740B931A718C4800BC37FA /* Project object */;
}
